// !$*UTF8*$!
{
	archiveVersion = 1;
	classes = {
	};
	objectVersion = 46;
	objects = {

/* Begin PBXBuildFile section */
		A94E1EF61C0DBED100D3D539 /* HomeViewController.swift in Sources */ = {isa = PBXBuildFile; fileRef = A94E1EF51C0DBED100D3D539 /* HomeViewController.swift */; };
		A952311B1C0E2AFB00B09F20 /* CoreDataController.swift in Sources */ = {isa = PBXBuildFile; fileRef = A952311A1C0E2AFB00B09F20 /* CoreDataController.swift */; };
		A952311D1C0E3DF600B09F20 /* LeagueTableViewController.swift in Sources */ = {isa = PBXBuildFile; fileRef = A952311C1C0E3DF600B09F20 /* LeagueTableViewController.swift */; };
		A952311F1C0E5FBA00B09F20 /* PlayerDetailViewController.swift in Sources */ = {isa = PBXBuildFile; fileRef = A952311E1C0E5FBA00B09F20 /* PlayerDetailViewController.swift */; };
		A956CE151C0EFA30007A6FED /* SettingsViewController.swift in Sources */ = {isa = PBXBuildFile; fileRef = A956CE141C0EFA30007A6FED /* SettingsViewController.swift */; };
		A95B10F71BB9C7CF00AB03A0 /* AppDelegate.swift in Sources */ = {isa = PBXBuildFile; fileRef = A95B10F61BB9C7CF00AB03A0 /* AppDelegate.swift */; };
		A95B10F91BB9C7CF00AB03A0 /* BoardViewController.swift in Sources */ = {isa = PBXBuildFile; fileRef = A95B10F81BB9C7CF00AB03A0 /* BoardViewController.swift */; };
		A95B10FC1BB9C7CF00AB03A0 /* Main.storyboard in Resources */ = {isa = PBXBuildFile; fileRef = A95B10FA1BB9C7CF00AB03A0 /* Main.storyboard */; };
		A95B10FF1BB9C7CF00AB03A0 /* Hasami_Shogi.xcdatamodeld in Sources */ = {isa = PBXBuildFile; fileRef = A95B10FD1BB9C7CF00AB03A0 /* Hasami_Shogi.xcdatamodeld */; };
		A95B11011BB9C7CF00AB03A0 /* Assets.xcassets in Resources */ = {isa = PBXBuildFile; fileRef = A95B11001BB9C7CF00AB03A0 /* Assets.xcassets */; };
		A95B11041BB9C7CF00AB03A0 /* LaunchScreen.storyboard in Resources */ = {isa = PBXBuildFile; fileRef = A95B11021BB9C7CF00AB03A0 /* LaunchScreen.storyboard */; };
		A95B110F1BB9C7CF00AB03A0 /* Hasami_ShogiTests.swift in Sources */ = {isa = PBXBuildFile; fileRef = A95B110E1BB9C7CF00AB03A0 /* Hasami_ShogiTests.swift */; };
		A95B111A1BB9C7CF00AB03A0 /* Hasami_ShogiUITests.swift in Sources */ = {isa = PBXBuildFile; fileRef = A95B11191BB9C7CF00AB03A0 /* Hasami_ShogiUITests.swift */; };
		A95CDBE51C0DF73C000CEFD1 /* PlayerSelectionTableViewController.swift in Sources */ = {isa = PBXBuildFile; fileRef = A95CDBE41C0DF73C000CEFD1 /* PlayerSelectionTableViewController.swift */; };
		A95CDBE81C0E0E07000CEFD1 /* Player+CoreDataProperties.swift in Sources */ = {isa = PBXBuildFile; fileRef = A95CDBE61C0E0E07000CEFD1 /* Player+CoreDataProperties.swift */; };
		A95CDBE91C0E0E07000CEFD1 /* Player.swift in Sources */ = {isa = PBXBuildFile; fileRef = A95CDBE71C0E0E07000CEFD1 /* Player.swift */; };
		A973CCE71C0CC23E002868DB /* ContactsUI.framework in Frameworks */ = {isa = PBXBuildFile; fileRef = A973CCE61C0CC23E002868DB /* ContactsUI.framework */; };
		A973CCE91C0CC2D4002868DB /* Contacts.framework in Frameworks */ = {isa = PBXBuildFile; fileRef = A973CCE81C0CC2D4002868DB /* Contacts.framework */; };
		A973CCEB1C0CC329002868DB /* RegisterViewController.swift in Sources */ = {isa = PBXBuildFile; fileRef = A973CCEA1C0CC329002868DB /* RegisterViewController.swift */; };
		A9B766991BC3EABD00E74CAC /* Board.swift in Sources */ = {isa = PBXBuildFile; fileRef = A9B766981BC3EABD00E74CAC /* Board.swift */; };
		A9B7669B1BC3FFAF00E74CAC /* Game.swift in Sources */ = {isa = PBXBuildFile; fileRef = A9B7669A1BC3FFAF00E74CAC /* Game.swift */; };
		A9B7669F1BC40CB100E74CAC /* BoardCollectionViewCell.swift in Sources */ = {isa = PBXBuildFile; fileRef = A9B7669E1BC40CB100E74CAC /* BoardCollectionViewCell.swift */; };
/* End PBXBuildFile section */

/* Begin PBXContainerItemProxy section */
		A95B110B1BB9C7CF00AB03A0 /* PBXContainerItemProxy */ = {
			isa = PBXContainerItemProxy;
			containerPortal = A95B10EB1BB9C7CF00AB03A0 /* Project object */;
			proxyType = 1;
			remoteGlobalIDString = A95B10F21BB9C7CF00AB03A0;
			remoteInfo = "Hasami Shogi";
		};
		A95B11161BB9C7CF00AB03A0 /* PBXContainerItemProxy */ = {
			isa = PBXContainerItemProxy;
			containerPortal = A95B10EB1BB9C7CF00AB03A0 /* Project object */;
			proxyType = 1;
			remoteGlobalIDString = A95B10F21BB9C7CF00AB03A0;
			remoteInfo = "Hasami Shogi";
		};
/* End PBXContainerItemProxy section */

/* Begin PBXFileReference section */
		A94E1EF51C0DBED100D3D539 /* HomeViewController.swift */ = {isa = PBXFileReference; fileEncoding = 4; lastKnownFileType = sourcecode.swift; path = HomeViewController.swift; sourceTree = "<group>"; };
		A952311A1C0E2AFB00B09F20 /* CoreDataController.swift */ = {isa = PBXFileReference; fileEncoding = 4; lastKnownFileType = sourcecode.swift; path = CoreDataController.swift; sourceTree = "<group>"; };
		A952311C1C0E3DF600B09F20 /* LeagueTableViewController.swift */ = {isa = PBXFileReference; fileEncoding = 4; lastKnownFileType = sourcecode.swift; path = LeagueTableViewController.swift; sourceTree = "<group>"; };
		A952311E1C0E5FBA00B09F20 /* PlayerDetailViewController.swift */ = {isa = PBXFileReference; fileEncoding = 4; lastKnownFileType = sourcecode.swift; path = PlayerDetailViewController.swift; sourceTree = "<group>"; };
		A956CE141C0EFA30007A6FED /* SettingsViewController.swift */ = {isa = PBXFileReference; fileEncoding = 4; lastKnownFileType = sourcecode.swift; path = SettingsViewController.swift; sourceTree = "<group>"; };
		A95B10F31BB9C7CF00AB03A0 /* Hasami Shogi.app */ = {isa = PBXFileReference; explicitFileType = wrapper.application; includeInIndex = 0; path = "Hasami Shogi.app"; sourceTree = BUILT_PRODUCTS_DIR; };
		A95B10F61BB9C7CF00AB03A0 /* AppDelegate.swift */ = {isa = PBXFileReference; lastKnownFileType = sourcecode.swift; path = AppDelegate.swift; sourceTree = "<group>"; };
		A95B10F81BB9C7CF00AB03A0 /* BoardViewController.swift */ = {isa = PBXFileReference; lastKnownFileType = sourcecode.swift; path = BoardViewController.swift; sourceTree = "<group>"; };
		A95B10FB1BB9C7CF00AB03A0 /* Base */ = {isa = PBXFileReference; lastKnownFileType = file.storyboard; name = Base; path = Base.lproj/Main.storyboard; sourceTree = "<group>"; };
		A95B10FE1BB9C7CF00AB03A0 /* Hasami_Shogi.xcdatamodel */ = {isa = PBXFileReference; lastKnownFileType = wrapper.xcdatamodel; path = Hasami_Shogi.xcdatamodel; sourceTree = "<group>"; };
		A95B11001BB9C7CF00AB03A0 /* Assets.xcassets */ = {isa = PBXFileReference; lastKnownFileType = folder.assetcatalog; path = Assets.xcassets; sourceTree = "<group>"; };
		A95B11031BB9C7CF00AB03A0 /* Base */ = {isa = PBXFileReference; lastKnownFileType = file.storyboard; name = Base; path = Base.lproj/LaunchScreen.storyboard; sourceTree = "<group>"; };
		A95B11051BB9C7CF00AB03A0 /* Info.plist */ = {isa = PBXFileReference; lastKnownFileType = text.plist.xml; path = Info.plist; sourceTree = "<group>"; };
		A95B110A1BB9C7CF00AB03A0 /* Hasami ShogiTests.xctest */ = {isa = PBXFileReference; explicitFileType = wrapper.cfbundle; includeInIndex = 0; path = "Hasami ShogiTests.xctest"; sourceTree = BUILT_PRODUCTS_DIR; };
		A95B110E1BB9C7CF00AB03A0 /* Hasami_ShogiTests.swift */ = {isa = PBXFileReference; lastKnownFileType = sourcecode.swift; path = Hasami_ShogiTests.swift; sourceTree = "<group>"; };
		A95B11101BB9C7CF00AB03A0 /* Info.plist */ = {isa = PBXFileReference; lastKnownFileType = text.plist.xml; path = Info.plist; sourceTree = "<group>"; };
		A95B11151BB9C7CF00AB03A0 /* Hasami ShogiUITests.xctest */ = {isa = PBXFileReference; explicitFileType = wrapper.cfbundle; includeInIndex = 0; path = "Hasami ShogiUITests.xctest"; sourceTree = BUILT_PRODUCTS_DIR; };
		A95B11191BB9C7CF00AB03A0 /* Hasami_ShogiUITests.swift */ = {isa = PBXFileReference; lastKnownFileType = sourcecode.swift; path = Hasami_ShogiUITests.swift; sourceTree = "<group>"; };
		A95B111B1BB9C7CF00AB03A0 /* Info.plist */ = {isa = PBXFileReference; lastKnownFileType = text.plist.xml; path = Info.plist; sourceTree = "<group>"; };
		A95CDBE41C0DF73C000CEFD1 /* PlayerSelectionTableViewController.swift */ = {isa = PBXFileReference; fileEncoding = 4; lastKnownFileType = sourcecode.swift; path = PlayerSelectionTableViewController.swift; sourceTree = "<group>"; };
		A95CDBE61C0E0E07000CEFD1 /* Player+CoreDataProperties.swift */ = {isa = PBXFileReference; fileEncoding = 4; lastKnownFileType = sourcecode.swift; name = "Player+CoreDataProperties.swift"; path = "../../Player+CoreDataProperties.swift"; sourceTree = "<group>"; };
		A95CDBE71C0E0E07000CEFD1 /* Player.swift */ = {isa = PBXFileReference; fileEncoding = 4; lastKnownFileType = sourcecode.swift; name = Player.swift; path = ../../Player.swift; sourceTree = "<group>"; };
		A973CCE61C0CC23E002868DB /* ContactsUI.framework */ = {isa = PBXFileReference; lastKnownFileType = wrapper.framework; name = ContactsUI.framework; path = System/Library/Frameworks/ContactsUI.framework; sourceTree = SDKROOT; };
		A973CCE81C0CC2D4002868DB /* Contacts.framework */ = {isa = PBXFileReference; lastKnownFileType = wrapper.framework; name = Contacts.framework; path = System/Library/Frameworks/Contacts.framework; sourceTree = SDKROOT; };
		A973CCEA1C0CC329002868DB /* RegisterViewController.swift */ = {isa = PBXFileReference; fileEncoding = 4; lastKnownFileType = sourcecode.swift; path = RegisterViewController.swift; sourceTree = "<group>"; };
		A9B766981BC3EABD00E74CAC /* Board.swift */ = {isa = PBXFileReference; fileEncoding = 4; lastKnownFileType = sourcecode.swift; name = Board.swift; path = "Hasami Shogi/Controllers/Board.swift"; sourceTree = SOURCE_ROOT; };
		A9B7669A1BC3FFAF00E74CAC /* Game.swift */ = {isa = PBXFileReference; fileEncoding = 4; lastKnownFileType = sourcecode.swift; name = Game.swift; path = "Hasami Shogi/Controllers/Game.swift"; sourceTree = SOURCE_ROOT; };
		A9B7669E1BC40CB100E74CAC /* BoardCollectionViewCell.swift */ = {isa = PBXFileReference; fileEncoding = 4; lastKnownFileType = sourcecode.swift; name = BoardCollectionViewCell.swift; path = "Hasami Shogi/Controllers/BoardCollectionViewCell.swift"; sourceTree = SOURCE_ROOT; };
/* End PBXFileReference section */

/* Begin PBXFrameworksBuildPhase section */
		A95B10F01BB9C7CF00AB03A0 /* Frameworks */ = {
			isa = PBXFrameworksBuildPhase;
			buildActionMask = 2147483647;
			files = (
				A973CCE91C0CC2D4002868DB /* Contacts.framework in Frameworks */,
				A973CCE71C0CC23E002868DB /* ContactsUI.framework in Frameworks */,
			);
			runOnlyForDeploymentPostprocessing = 0;
		};
		A95B11071BB9C7CF00AB03A0 /* Frameworks */ = {
			isa = PBXFrameworksBuildPhase;
			buildActionMask = 2147483647;
			files = (
			);
			runOnlyForDeploymentPostprocessing = 0;
		};
		A95B11121BB9C7CF00AB03A0 /* Frameworks */ = {
			isa = PBXFrameworksBuildPhase;
			buildActionMask = 2147483647;
			files = (
			);
			runOnlyForDeploymentPostprocessing = 0;
		};
/* End PBXFrameworksBuildPhase section */

/* Begin PBXGroup section */
		A95B10EA1BB9C7CF00AB03A0 = {
			isa = PBXGroup;
			children = (
				A973CCE81C0CC2D4002868DB /* Contacts.framework */,
				A973CCE61C0CC23E002868DB /* ContactsUI.framework */,
				A95B10F51BB9C7CF00AB03A0 /* Hasami Shogi */,
				A95B110D1BB9C7CF00AB03A0 /* Hasami ShogiTests */,
				A95B11181BB9C7CF00AB03A0 /* Hasami ShogiUITests */,
				A95B10F41BB9C7CF00AB03A0 /* Products */,
			);
			sourceTree = "<group>";
		};
		A95B10F41BB9C7CF00AB03A0 /* Products */ = {
			isa = PBXGroup;
			children = (
				A95B10F31BB9C7CF00AB03A0 /* Hasami Shogi.app */,
				A95B110A1BB9C7CF00AB03A0 /* Hasami ShogiTests.xctest */,
				A95B11151BB9C7CF00AB03A0 /* Hasami ShogiUITests.xctest */,
			);
			name = Products;
			sourceTree = "<group>";
		};
		A95B10F51BB9C7CF00AB03A0 /* Hasami Shogi */ = {
			isa = PBXGroup;
			children = (
				A95B112A1BB9C8C500AB03A0 /* Utilities */,
				A95B11291BB9C8AF00AB03A0 /* Model */,
				A95B11281BB9C8A700AB03A0 /* Views */,
				A95B11271BB9C89D00AB03A0 /* Controllers */,
				A95B10F61BB9C7CF00AB03A0 /* AppDelegate.swift */,
				A95B10FA1BB9C7CF00AB03A0 /* Main.storyboard */,
				A95B11001BB9C7CF00AB03A0 /* Assets.xcassets */,
				A95B11021BB9C7CF00AB03A0 /* LaunchScreen.storyboard */,
				A95B11051BB9C7CF00AB03A0 /* Info.plist */,
			);
			path = "Hasami Shogi";
			sourceTree = "<group>";
		};
		A95B110D1BB9C7CF00AB03A0 /* Hasami ShogiTests */ = {
			isa = PBXGroup;
			children = (
				A95B110E1BB9C7CF00AB03A0 /* Hasami_ShogiTests.swift */,
				A95B11101BB9C7CF00AB03A0 /* Info.plist */,
			);
			path = "Hasami ShogiTests";
			sourceTree = "<group>";
		};
		A95B11181BB9C7CF00AB03A0 /* Hasami ShogiUITests */ = {
			isa = PBXGroup;
			children = (
				A95B11191BB9C7CF00AB03A0 /* Hasami_ShogiUITests.swift */,
				A95B111B1BB9C7CF00AB03A0 /* Info.plist */,
			);
			path = "Hasami ShogiUITests";
			sourceTree = "<group>";
		};
		A95B11271BB9C89D00AB03A0 /* Controllers */ = {
			isa = PBXGroup;
			children = (
				A95B10F81BB9C7CF00AB03A0 /* BoardViewController.swift */,
				A973CCEA1C0CC329002868DB /* RegisterViewController.swift */,
				A94E1EF51C0DBED100D3D539 /* HomeViewController.swift */,
				A95CDBE41C0DF73C000CEFD1 /* PlayerSelectionTableViewController.swift */,
				A952311A1C0E2AFB00B09F20 /* CoreDataController.swift */,
				A952311C1C0E3DF600B09F20 /* LeagueTableViewController.swift */,
				A952311E1C0E5FBA00B09F20 /* PlayerDetailViewController.swift */,
				A956CE141C0EFA30007A6FED /* SettingsViewController.swift */,
			);
			path = Controllers;
			sourceTree = "<group>";
		};
		A95B11281BB9C8A700AB03A0 /* Views */ = {
			isa = PBXGroup;
			children = (
				A9B7669E1BC40CB100E74CAC /* BoardCollectionViewCell.swift */,
			);
			path = Views;
			sourceTree = "<group>";
		};
		A95B11291BB9C8AF00AB03A0 /* Model */ = {
			isa = PBXGroup;
			children = (
				A95CDBE61C0E0E07000CEFD1 /* Player+CoreDataProperties.swift */,
				A95CDBE71C0E0E07000CEFD1 /* Player.swift */,
				A95B10FD1BB9C7CF00AB03A0 /* Hasami_Shogi.xcdatamodeld */,
			);
			path = Model;
			sourceTree = "<group>";
		};
		A95B112A1BB9C8C500AB03A0 /* Utilities */ = {
			isa = PBXGroup;
			children = (
				A9B766981BC3EABD00E74CAC /* Board.swift */,
				A9B7669A1BC3FFAF00E74CAC /* Game.swift */,
			);
			path = Utilities;
			sourceTree = "<group>";
		};
/* End PBXGroup section */

/* Begin PBXNativeTarget section */
		A95B10F21BB9C7CF00AB03A0 /* Hasami Shogi */ = {
			isa = PBXNativeTarget;
			buildConfigurationList = A95B111E1BB9C7CF00AB03A0 /* Build configuration list for PBXNativeTarget "Hasami Shogi" */;
			buildPhases = (
				A95B10EF1BB9C7CF00AB03A0 /* Sources */,
				A95B10F01BB9C7CF00AB03A0 /* Frameworks */,
				A95B10F11BB9C7CF00AB03A0 /* Resources */,
			);
			buildRules = (
			);
			dependencies = (
			);
			name = "Hasami Shogi";
			productName = "Hasami Shogi";
			productReference = A95B10F31BB9C7CF00AB03A0 /* Hasami Shogi.app */;
			productType = "com.apple.product-type.application";
		};
		A95B11091BB9C7CF00AB03A0 /* Hasami ShogiTests */ = {
			isa = PBXNativeTarget;
			buildConfigurationList = A95B11211BB9C7CF00AB03A0 /* Build configuration list for PBXNativeTarget "Hasami ShogiTests" */;
			buildPhases = (
				A95B11061BB9C7CF00AB03A0 /* Sources */,
				A95B11071BB9C7CF00AB03A0 /* Frameworks */,
				A95B11081BB9C7CF00AB03A0 /* Resources */,
			);
			buildRules = (
			);
			dependencies = (
				A95B110C1BB9C7CF00AB03A0 /* PBXTargetDependency */,
			);
			name = "Hasami ShogiTests";
			productName = "Hasami ShogiTests";
			productReference = A95B110A1BB9C7CF00AB03A0 /* Hasami ShogiTests.xctest */;
			productType = "com.apple.product-type.bundle.unit-test";
		};
		A95B11141BB9C7CF00AB03A0 /* Hasami ShogiUITests */ = {
			isa = PBXNativeTarget;
			buildConfigurationList = A95B11241BB9C7CF00AB03A0 /* Build configuration list for PBXNativeTarget "Hasami ShogiUITests" */;
			buildPhases = (
				A95B11111BB9C7CF00AB03A0 /* Sources */,
				A95B11121BB9C7CF00AB03A0 /* Frameworks */,
				A95B11131BB9C7CF00AB03A0 /* Resources */,
			);
			buildRules = (
			);
			dependencies = (
				A95B11171BB9C7CF00AB03A0 /* PBXTargetDependency */,
			);
			name = "Hasami ShogiUITests";
			productName = "Hasami ShogiUITests";
			productReference = A95B11151BB9C7CF00AB03A0 /* Hasami ShogiUITests.xctest */;
			productType = "com.apple.product-type.bundle.ui-testing";
		};
/* End PBXNativeTarget section */

/* Begin PBXProject section */
		A95B10EB1BB9C7CF00AB03A0 /* Project object */ = {
			isa = PBXProject;
			attributes = {
				LastUpgradeCheck = 0700;
				ORGANIZATIONNAME = "George McDonnell";
				TargetAttributes = {
					A95B10F21BB9C7CF00AB03A0 = {
						CreatedOnToolsVersion = 7.0;
					};
					A95B11091BB9C7CF00AB03A0 = {
						CreatedOnToolsVersion = 7.0;
						TestTargetID = A95B10F21BB9C7CF00AB03A0;
					};
					A95B11141BB9C7CF00AB03A0 = {
						CreatedOnToolsVersion = 7.0;
						TestTargetID = A95B10F21BB9C7CF00AB03A0;
					};
				};
			};
			buildConfigurationList = A95B10EE1BB9C7CF00AB03A0 /* Build configuration list for PBXProject "Hasami Shogi" */;
			compatibilityVersion = "Xcode 3.2";
			developmentRegion = English;
			hasScannedForEncodings = 0;
			knownRegions = (
				en,
				Base,
			);
			mainGroup = A95B10EA1BB9C7CF00AB03A0;
			productRefGroup = A95B10F41BB9C7CF00AB03A0 /* Products */;
			projectDirPath = "";
			projectRoot = "";
			targets = (
				A95B10F21BB9C7CF00AB03A0 /* Hasami Shogi */,
				A95B11091BB9C7CF00AB03A0 /* Hasami ShogiTests */,
				A95B11141BB9C7CF00AB03A0 /* Hasami ShogiUITests */,
			);
		};
/* End PBXProject section */

/* Begin PBXResourcesBuildPhase section */
		A95B10F11BB9C7CF00AB03A0 /* Resources */ = {
			isa = PBXResourcesBuildPhase;
			buildActionMask = 2147483647;
			files = (
				A95B11041BB9C7CF00AB03A0 /* LaunchScreen.storyboard in Resources */,
				A95B11011BB9C7CF00AB03A0 /* Assets.xcassets in Resources */,
				A95B10FC1BB9C7CF00AB03A0 /* Main.storyboard in Resources */,
			);
			runOnlyForDeploymentPostprocessing = 0;
		};
		A95B11081BB9C7CF00AB03A0 /* Resources */ = {
			isa = PBXResourcesBuildPhase;
			buildActionMask = 2147483647;
			files = (
			);
			runOnlyForDeploymentPostprocessing = 0;
		};
		A95B11131BB9C7CF00AB03A0 /* Resources */ = {
			isa = PBXResourcesBuildPhase;
			buildActionMask = 2147483647;
			files = (
			);
			runOnlyForDeploymentPostprocessing = 0;
		};
/* End PBXResourcesBuildPhase section */

/* Begin PBXSourcesBuildPhase section */
		A95B10EF1BB9C7CF00AB03A0 /* Sources */ = {
			isa = PBXSourcesBuildPhase;
			buildActionMask = 2147483647;
			files = (
				A95CDBE91C0E0E07000CEFD1 /* Player.swift in Sources */,
				A952311D1C0E3DF600B09F20 /* LeagueTableViewController.swift in Sources */,
				A952311F1C0E5FBA00B09F20 /* PlayerDetailViewController.swift in Sources */,
				A95B10F91BB9C7CF00AB03A0 /* BoardViewController.swift in Sources */,
				A952311B1C0E2AFB00B09F20 /* CoreDataController.swift in Sources */,
				A9B7669B1BC3FFAF00E74CAC /* Game.swift in Sources */,
				A95B10F71BB9C7CF00AB03A0 /* AppDelegate.swift in Sources */,
				A973CCEB1C0CC329002868DB /* RegisterViewController.swift in Sources */,
				A956CE151C0EFA30007A6FED /* SettingsViewController.swift in Sources */,
				A94E1EF61C0DBED100D3D539 /* HomeViewController.swift in Sources */,
				A9B766991BC3EABD00E74CAC /* Board.swift in Sources */,
				A95CDBE81C0E0E07000CEFD1 /* Player+CoreDataProperties.swift in Sources */,
				A95B10FF1BB9C7CF00AB03A0 /* Hasami_Shogi.xcdatamodeld in Sources */,
				A95CDBE51C0DF73C000CEFD1 /* PlayerSelectionTableViewController.swift in Sources */,
				A9B7669F1BC40CB100E74CAC /* BoardCollectionViewCell.swift in Sources */,
			);
			runOnlyForDeploymentPostprocessing = 0;
		};
		A95B11061BB9C7CF00AB03A0 /* Sources */ = {
			isa = PBXSourcesBuildPhase;
			buildActionMask = 2147483647;
			files = (
				A95B110F1BB9C7CF00AB03A0 /* Hasami_ShogiTests.swift in Sources */,
			);
			runOnlyForDeploymentPostprocessing = 0;
		};
		A95B11111BB9C7CF00AB03A0 /* Sources */ = {
			isa = PBXSourcesBuildPhase;
			buildActionMask = 2147483647;
			files = (
				A95B111A1BB9C7CF00AB03A0 /* Hasami_ShogiUITests.swift in Sources */,
			);
			runOnlyForDeploymentPostprocessing = 0;
		};
/* End PBXSourcesBuildPhase section */

/* Begin PBXTargetDependency section */
		A95B110C1BB9C7CF00AB03A0 /* PBXTargetDependency */ = {
			isa = PBXTargetDependency;
			target = A95B10F21BB9C7CF00AB03A0 /* Hasami Shogi */;
			targetProxy = A95B110B1BB9C7CF00AB03A0 /* PBXContainerItemProxy */;
		};
		A95B11171BB9C7CF00AB03A0 /* PBXTargetDependency */ = {
			isa = PBXTargetDependency;
			target = A95B10F21BB9C7CF00AB03A0 /* Hasami Shogi */;
			targetProxy = A95B11161BB9C7CF00AB03A0 /* PBXContainerItemProxy */;
		};
/* End PBXTargetDependency section */

/* Begin PBXVariantGroup section */
		A95B10FA1BB9C7CF00AB03A0 /* Main.storyboard */ = {
			isa = PBXVariantGroup;
			children = (
				A95B10FB1BB9C7CF00AB03A0 /* Base */,
			);
			name = Main.storyboard;
			sourceTree = "<group>";
		};
		A95B11021BB9C7CF00AB03A0 /* LaunchScreen.storyboard */ = {
			isa = PBXVariantGroup;
			children = (
				A95B11031BB9C7CF00AB03A0 /* Base */,
			);
			name = LaunchScreen.storyboard;
			sourceTree = "<group>";
		};
/* End PBXVariantGroup section */

/* Begin XCBuildConfiguration section */
		A95B111C1BB9C7CF00AB03A0 /* Debug */ = {
			isa = XCBuildConfiguration;
			buildSettings = {
				ALWAYS_SEARCH_USER_PATHS = NO;
				CLANG_CXX_LANGUAGE_STANDARD = "gnu++0x";
				CLANG_CXX_LIBRARY = "libc++";
				CLANG_ENABLE_MODULES = YES;
				CLANG_ENABLE_OBJC_ARC = YES;
				CLANG_WARN_BOOL_CONVERSION = YES;
				CLANG_WARN_CONSTANT_CONVERSION = YES;
				CLANG_WARN_DIRECT_OBJC_ISA_USAGE = YES_ERROR;
				CLANG_WARN_EMPTY_BODY = YES;
				CLANG_WARN_ENUM_CONVERSION = YES;
				CLANG_WARN_INT_CONVERSION = YES;
				CLANG_WARN_OBJC_ROOT_CLASS = YES_ERROR;
				CLANG_WARN_UNREACHABLE_CODE = YES;
				CLANG_WARN__DUPLICATE_METHOD_MATCH = YES;
				"CODE_SIGN_IDENTITY[sdk=iphoneos*]" = "iPhone Developer";
				COPY_PHASE_STRIP = NO;
				DEBUG_INFORMATION_FORMAT = dwarf;
				ENABLE_STRICT_OBJC_MSGSEND = YES;
				ENABLE_TESTABILITY = YES;
				GCC_C_LANGUAGE_STANDARD = gnu99;
				GCC_DYNAMIC_NO_PIC = NO;
				GCC_NO_COMMON_BLOCKS = YES;
				GCC_OPTIMIZATION_LEVEL = 0;
				GCC_PREPROCESSOR_DEFINITIONS = (
					"DEBUG=1",
					"$(inherited)",
				);
				GCC_WARN_64_TO_32_BIT_CONVERSION = YES;
				GCC_WARN_ABOUT_RETURN_TYPE = YES_ERROR;
				GCC_WARN_UNDECLARED_SELECTOR = YES;
				GCC_WARN_UNINITIALIZED_AUTOS = YES_AGGRESSIVE;
				GCC_WARN_UNUSED_FUNCTION = YES;
				GCC_WARN_UNUSED_VARIABLE = YES;
				IPHONEOS_DEPLOYMENT_TARGET = 9.0;
				MTL_ENABLE_DEBUG_INFO = YES;
				ONLY_ACTIVE_ARCH = YES;
				SDKROOT = iphoneos;
				SWIFT_OPTIMIZATION_LEVEL = "-Onone";
			};
			name = Debug;
		};
		A95B111D1BB9C7CF00AB03A0 /* Release */ = {
			isa = XCBuildConfiguration;
			buildSettings = {
				ALWAYS_SEARCH_USER_PATHS = NO;
				CLANG_CXX_LANGUAGE_STANDARD = "gnu++0x";
				CLANG_CXX_LIBRARY = "libc++";
				CLANG_ENABLE_MODULES = YES;
				CLANG_ENABLE_OBJC_ARC = YES;
				CLANG_WARN_BOOL_CONVERSION = YES;
				CLANG_WARN_CONSTANT_CONVERSION = YES;
				CLANG_WARN_DIRECT_OBJC_ISA_USAGE = YES_ERROR;
				CLANG_WARN_EMPTY_BODY = YES;
				CLANG_WARN_ENUM_CONVERSION = YES;
				CLANG_WARN_INT_CONVERSION = YES;
				CLANG_WARN_OBJC_ROOT_CLASS = YES_ERROR;
				CLANG_WARN_UNREACHABLE_CODE = YES;
				CLANG_WARN__DUPLICATE_METHOD_MATCH = YES;
				"CODE_SIGN_IDENTITY[sdk=iphoneos*]" = "iPhone Developer";
				COPY_PHASE_STRIP = NO;
				DEBUG_INFORMATION_FORMAT = "dwarf-with-dsym";
				ENABLE_NS_ASSERTIONS = NO;
				ENABLE_STRICT_OBJC_MSGSEND = YES;
				GCC_C_LANGUAGE_STANDARD = gnu99;
				GCC_NO_COMMON_BLOCKS = YES;
				GCC_WARN_64_TO_32_BIT_CONVERSION = YES;
				GCC_WARN_ABOUT_RETURN_TYPE = YES_ERROR;
				GCC_WARN_UNDECLARED_SELECTOR = YES;
				GCC_WARN_UNINITIALIZED_AUTOS = YES_AGGRESSIVE;
				GCC_WARN_UNUSED_FUNCTION = YES;
				GCC_WARN_UNUSED_VARIABLE = YES;
				IPHONEOS_DEPLOYMENT_TARGET = 9.0;
				MTL_ENABLE_DEBUG_INFO = NO;
				SDKROOT = iphoneos;
				VALIDATE_PRODUCT = YES;
			};
			name = Release;
		};
		A95B111F1BB9C7CF00AB03A0 /* Debug */ = {
			isa = XCBuildConfiguration;
			buildSettings = {
				ASSETCATALOG_COMPILER_APPICON_NAME = AppIcon;
				CODE_SIGN_IDENTITY = "iPhone Developer";
				"CODE_SIGN_IDENTITY[sdk=iphoneos*]" = "iPhone Developer";
				EMBEDDED_CONTENT_CONTAINS_SWIFT = YES;
				INFOPLIST_FILE = "Hasami Shogi/Info.plist";
				LD_RUNPATH_SEARCH_PATHS = "$(inherited) @executable_path/Frameworks";
				PRODUCT_BUNDLE_IDENTIFIER = "com.georgemcdonnell.Hasami-Shogi";
				PRODUCT_NAME = "$(TARGET_NAME)";
				PROVISIONING_PROFILE = "";
				TARGETED_DEVICE_FAMILY = "1,2";
			};
			name = Debug;
		};
		A95B11201BB9C7CF00AB03A0 /* Release */ = {
			isa = XCBuildConfiguration;
			buildSettings = {
				ASSETCATALOG_COMPILER_APPICON_NAME = AppIcon;
				CODE_SIGN_IDENTITY = "iPhone Developer";
				"CODE_SIGN_IDENTITY[sdk=iphoneos*]" = "iPhone Developer";
				EMBEDDED_CONTENT_CONTAINS_SWIFT = YES;
				INFOPLIST_FILE = "Hasami Shogi/Info.plist";
				LD_RUNPATH_SEARCH_PATHS = "$(inherited) @executable_path/Frameworks";
				PRODUCT_BUNDLE_IDENTIFIER = "com.georgemcdonnell.Hasami-Shogi";
				PRODUCT_NAME = "$(TARGET_NAME)";
				PROVISIONING_PROFILE = "";
				TARGETED_DEVICE_FAMILY = "1,2";
			};
			name = Release;
		};
		A95B11221BB9C7CF00AB03A0 /* Debug */ = {
			isa = XCBuildConfiguration;
			buildSettings = {
				BUNDLE_LOADER = "$(TEST_HOST)";
				INFOPLIST_FILE = "Hasami ShogiTests/Info.plist";
				LD_RUNPATH_SEARCH_PATHS = "$(inherited) @executable_path/Frameworks @loader_path/Frameworks";
				PRODUCT_BUNDLE_IDENTIFIER = "com.georgemcdonnell.Hasami-ShogiTests";
				PRODUCT_NAME = "$(TARGET_NAME)";
				TEST_HOST = "$(BUILT_PRODUCTS_DIR)/Hasami Shogi.app/Hasami Shogi";
			};
			name = Debug;
		};
		A95B11231BB9C7CF00AB03A0 /* Release */ = {
			isa = XCBuildConfiguration;
			buildSettings = {
				BUNDLE_LOADER = "$(TEST_HOST)";
				INFOPLIST_FILE = "Hasami ShogiTests/Info.plist";
				LD_RUNPATH_SEARCH_PATHS = "$(inherited) @executable_path/Frameworks @loader_path/Frameworks";
				PRODUCT_BUNDLE_IDENTIFIER = "com.georgemcdonnell.Hasami-ShogiTests";
				PRODUCT_NAME = "$(TARGET_NAME)";
				TEST_HOST = "$(BUILT_PRODUCTS_DIR)/Hasami Shogi.app/Hasami Shogi";
			};
			name = Release;
		};
		A95B11251BB9C7CF00AB03A0 /* Debug */ = {
			isa = XCBuildConfiguration;
			buildSettings = {
				INFOPLIST_FILE = "Hasami ShogiUITests/Info.plist";
				LD_RUNPATH_SEARCH_PATHS = "$(inherited) @executable_path/Frameworks @loader_path/Frameworks";
				PRODUCT_BUNDLE_IDENTIFIER = "com.georgemcdonnell.Hasami-ShogiUITests";
				PRODUCT_NAME = "$(TARGET_NAME)";
				TEST_TARGET_NAME = "Hasami Shogi";
				USES_XCTRUNNER = YES;
			};
			name = Debug;
		};
		A95B11261BB9C7CF00AB03A0 /* Release */ = {
			isa = XCBuildConfiguration;
			buildSettings = {
				INFOPLIST_FILE = "Hasami ShogiUITests/Info.plist";
				LD_RUNPATH_SEARCH_PATHS = "$(inherited) @executable_path/Frameworks @loader_path/Frameworks";
				PRODUCT_BUNDLE_IDENTIFIER = "com.georgemcdonnell.Hasami-ShogiUITests";
				PRODUCT_NAME = "$(TARGET_NAME)";
				TEST_TARGET_NAME = "Hasami Shogi";
				USES_XCTRUNNER = YES;
			};
			name = Release;
		};
/* End XCBuildConfiguration section */

/* Begin XCConfigurationList section */
		A95B10EE1BB9C7CF00AB03A0 /* Build configuration list for PBXProject "Hasami Shogi" */ = {
			isa = XCConfigurationList;
			buildConfigurations = (
				A95B111C1BB9C7CF00AB03A0 /* Debug */,
				A95B111D1BB9C7CF00AB03A0 /* Release */,
			);
			defaultConfigurationIsVisible = 0;
			defaultConfigurationName = Release;
		};
		A95B111E1BB9C7CF00AB03A0 /* Build configuration list for PBXNativeTarget "Hasami Shogi" */ = {
			isa = XCConfigurationList;
			buildConfigurations = (
				A95B111F1BB9C7CF00AB03A0 /* Debug */,
				A95B11201BB9C7CF00AB03A0 /* Release */,
			);
			defaultConfigurationIsVisible = 0;
			defaultConfigurationName = Release;
		};
		A95B11211BB9C7CF00AB03A0 /* Build configuration list for PBXNativeTarget "Hasami ShogiTests" */ = {
			isa = XCConfigurationList;
			buildConfigurations = (
				A95B11221BB9C7CF00AB03A0 /* Debug */,
				A95B11231BB9C7CF00AB03A0 /* Release */,
			);
			defaultConfigurationIsVisible = 0;
			defaultConfigurationName = Release;
		};
		A95B11241BB9C7CF00AB03A0 /* Build configuration list for PBXNativeTarget "Hasami ShogiUITests" */ = {
			isa = XCConfigurationList;
			buildConfigurations = (
				A95B11251BB9C7CF00AB03A0 /* Debug */,
				A95B11261BB9C7CF00AB03A0 /* Release */,
			);
			defaultConfigurationIsVisible = 0;
			defaultConfigurationName = Release;
		};
/* End XCConfigurationList section */

/* Begin XCVersionGroup section */
		A95B10FD1BB9C7CF00AB03A0 /* Hasami_Shogi.xcdatamodeld */ = {
			isa = XCVersionGroup;
			children = (
				A95B10FE1BB9C7CF00AB03A0 /* Hasami_Shogi.xcdatamodel */,
			);
			currentVersion = A95B10FE1BB9C7CF00AB03A0 /* Hasami_Shogi.xcdatamodel */;
			name = Hasami_Shogi.xcdatamodeld;
			path = ../Hasami_Shogi.xcdatamodeld;
			sourceTree = "<group>";
			versionGroupType = wrapper.xcdatamodel;
		};
/* End XCVersionGroup section */
	};
	rootObject = A95B10EB1BB9C7CF00AB03A0 /* Project object */;
}
